{
  "name": "ranking-convocacoes-selecao",
  "version": "2.0.0",
  "lockfileVersion": 3,
  "requires": true,
  "packages": {
    "": {
      "name": "ranking-convocacoes-selecao",
      "version": "2.0.0",
      "dependencies": {
        "@remotion/cli": "^4.0.340",
        "react": "^18.2.0",
        "react-dom": "^18.2.0",
        "remotion": "^4.0.340"
      },
      "devDependencies": {
        "@types/react": "^18.2.79",
        "@types/react-dom": "^18.2.25",
        "typescript": "^5.5.4"
      }
    }
  }
}
